// !$*UTF8*$!
{
	archiveVersion = 1;
	classes = {
	};
	objectVersion = 56;
	objects = {

/* Begin PBXBuildFile section */
		8805E4AE29B5105800FE66BB /* TestTests.swift in Sources */ = {isa = PBXBuildFile; fileRef = 8805E4AD29B5105800FE66BB /* TestTests.swift */; };
		88187F1429B3074E0046F5B5 /* AppDelegate.swift in Sources */ = {isa = PBXBuildFile; fileRef = 88187F1329B3074E0046F5B5 /* AppDelegate.swift */; };
		88187F1629B3074E0046F5B5 /* SceneDelegate.swift in Sources */ = {isa = PBXBuildFile; fileRef = 88187F1529B3074E0046F5B5 /* SceneDelegate.swift */; };
		88187F1829B3074E0046F5B5 /* ViewController.swift in Sources */ = {isa = PBXBuildFile; fileRef = 88187F1729B3074E0046F5B5 /* ViewController.swift */; };
		88187F1B29B3074E0046F5B5 /* Main.storyboard in Resources */ = {isa = PBXBuildFile; fileRef = 88187F1929B3074E0046F5B5 /* Main.storyboard */; };
		88187F1D29B307500046F5B5 /* Assets.xcassets in Resources */ = {isa = PBXBuildFile; fileRef = 88187F1C29B307500046F5B5 /* Assets.xcassets */; };
		88187F2029B307500046F5B5 /* LaunchScreen.storyboard in Resources */ = {isa = PBXBuildFile; fileRef = 88187F1E29B307500046F5B5 /* LaunchScreen.storyboard */; };
		88187F2B29B394BB0046F5B5 /* Product.swift in Sources */ = {isa = PBXBuildFile; fileRef = 88187F2A29B394BB0046F5B5 /* Product.swift */; };
		88187F2E29B3963D0046F5B5 /* APIManager.swift in Sources */ = {isa = PBXBuildFile; fileRef = 88187F2D29B3963D0046F5B5 /* APIManager.swift */; };
		88187F3129B3988A0046F5B5 /* Constant.swift in Sources */ = {isa = PBXBuildFile; fileRef = 88187F3029B3988A0046F5B5 /* Constant.swift */; };
		88187F3729B462500046F5B5 /* ProductVM.swift in Sources */ = {isa = PBXBuildFile; fileRef = 88187F3629B462500046F5B5 /* ProductVM.swift */; };
		88187F3A29B4874F0046F5B5 /* ProductCell.swift in Sources */ = {isa = PBXBuildFile; fileRef = 88187F3829B4874F0046F5B5 /* ProductCell.swift */; };
		88187F3B29B4874F0046F5B5 /* ProductCell.xib in Resources */ = {isa = PBXBuildFile; fileRef = 88187F3929B4874F0046F5B5 /* ProductCell.xib */; };
		88187F3E29B49CC90046F5B5 /* Kingfisher in Frameworks */ = {isa = PBXBuildFile; productRef = 88187F3D29B49CC90046F5B5 /* Kingfisher */; };
		88187F4129B49D280046F5B5 /* ImageView+Extension.swift in Sources */ = {isa = PBXBuildFile; fileRef = 88187F4029B49D280046F5B5 /* ImageView+Extension.swift */; };
/* End PBXBuildFile section */

/* Begin PBXContainerItemProxy section */
		8805E4AF29B5105800FE66BB /* PBXContainerItemProxy */ = {
			isa = PBXContainerItemProxy;
			containerPortal = 88187F0829B3074E0046F5B5 /* Project object */;
			proxyType = 1;
			remoteGlobalIDString = 88187F0F29B3074E0046F5B5;
			remoteInfo = Test;
		};
/* End PBXContainerItemProxy section */

/* Begin PBXFileReference section */
		8805E4AB29B5105800FE66BB /* TestTests.xctest */ = {isa = PBXFileReference; explicitFileType = wrapper.cfbundle; includeInIndex = 0; path = TestTests.xctest; sourceTree = BUILT_PRODUCTS_DIR; };
		8805E4AD29B5105800FE66BB /* TestTests.swift */ = {isa = PBXFileReference; lastKnownFileType = sourcecode.swift; path = TestTests.swift; sourceTree = "<group>"; };
		88187F1029B3074E0046F5B5 /* Test.app */ = {isa = PBXFileReference; explicitFileType = wrapper.application; includeInIndex = 0; path = Test.app; sourceTree = BUILT_PRODUCTS_DIR; };
		88187F1329B3074E0046F5B5 /* AppDelegate.swift */ = {isa = PBXFileReference; lastKnownFileType = sourcecode.swift; path = AppDelegate.swift; sourceTree = "<group>"; };
		88187F1529B3074E0046F5B5 /* SceneDelegate.swift */ = {isa = PBXFileReference; lastKnownFileType = sourcecode.swift; path = SceneDelegate.swift; sourceTree = "<group>"; };
		88187F1729B3074E0046F5B5 /* ViewController.swift */ = {isa = PBXFileReference; lastKnownFileType = sourcecode.swift; path = ViewController.swift; sourceTree = "<group>"; };
		88187F1A29B3074E0046F5B5 /* Base */ = {isa = PBXFileReference; lastKnownFileType = file.storyboard; name = Base; path = Base.lproj/Main.storyboard; sourceTree = "<group>"; };
		88187F1C29B307500046F5B5 /* Assets.xcassets */ = {isa = PBXFileReference; lastKnownFileType = folder.assetcatalog; path = Assets.xcassets; sourceTree = "<group>"; };
		88187F1F29B307500046F5B5 /* Base */ = {isa = PBXFileReference; lastKnownFileType = file.storyboard; name = Base; path = Base.lproj/LaunchScreen.storyboard; sourceTree = "<group>"; };
		88187F2129B307500046F5B5 /* Info.plist */ = {isa = PBXFileReference; lastKnownFileType = text.plist.xml; path = Info.plist; sourceTree = "<group>"; };
		88187F2A29B394BB0046F5B5 /* Product.swift */ = {isa = PBXFileReference; lastKnownFileType = sourcecode.swift; path = Product.swift; sourceTree = "<group>"; };
		88187F2D29B3963D0046F5B5 /* APIManager.swift */ = {isa = PBXFileReference; lastKnownFileType = sourcecode.swift; path = APIManager.swift; sourceTree = "<group>"; };
		88187F3029B3988A0046F5B5 /* Constant.swift */ = {isa = PBXFileReference; lastKnownFileType = sourcecode.swift; path = Constant.swift; sourceTree = "<group>"; };
		88187F3629B462500046F5B5 /* ProductVM.swift */ = {isa = PBXFileReference; lastKnownFileType = sourcecode.swift; path = ProductVM.swift; sourceTree = "<group>"; };
		88187F3829B4874F0046F5B5 /* ProductCell.swift */ = {isa = PBXFileReference; lastKnownFileType = sourcecode.swift; path = ProductCell.swift; sourceTree = "<group>"; };
		88187F3929B4874F0046F5B5 /* ProductCell.xib */ = {isa = PBXFileReference; lastKnownFileType = file.xib; path = ProductCell.xib; sourceTree = "<group>"; };
		88187F4029B49D280046F5B5 /* ImageView+Extension.swift */ = {isa = PBXFileReference; lastKnownFileType = sourcecode.swift; path = "ImageView+Extension.swift"; sourceTree = "<group>"; };
/* End PBXFileReference section */

/* Begin PBXFrameworksBuildPhase section */
		8805E4A829B5105800FE66BB /* Frameworks */ = {
			isa = PBXFrameworksBuildPhase;
			buildActionMask = 2147483647;
			files = (
			);
			runOnlyForDeploymentPostprocessing = 0;
		};
		88187F0D29B3074E0046F5B5 /* Frameworks */ = {
			isa = PBXFrameworksBuildPhase;
			buildActionMask = 2147483647;
			files = (
				88187F3E29B49CC90046F5B5 /* Kingfisher in Frameworks */,
			);
			runOnlyForDeploymentPostprocessing = 0;
		};
/* End PBXFrameworksBuildPhase section */

/* Begin PBXGroup section */
		8805E4AC29B5105800FE66BB /* TestTests */ = {
			isa = PBXGroup;
			children = (
				8805E4AD29B5105800FE66BB /* TestTests.swift */,
			);
			path = TestTests;
			sourceTree = "<group>";
		};
		88187F0729B3074E0046F5B5 = {
			isa = PBXGroup;
			children = (
				88187F1229B3074E0046F5B5 /* Test */,
				8805E4AC29B5105800FE66BB /* TestTests */,
				88187F1129B3074E0046F5B5 /* Products */,
			);
			sourceTree = "<group>";
		};
		88187F1129B3074E0046F5B5 /* Products */ = {
			isa = PBXGroup;
			children = (
				88187F1029B3074E0046F5B5 /* Test.app */,
				8805E4AB29B5105800FE66BB /* TestTests.xctest */,
			);
			name = Products;
			sourceTree = "<group>";
		};
		88187F1229B3074E0046F5B5 /* Test */ = {
			isa = PBXGroup;
			children = (
				88187F3F29B49D080046F5B5 /* Extension */,
				88187F3229B461B80046F5B5 /* Screens */,
				88187F2F29B398720046F5B5 /* Constants */,
				88187F2C29B396280046F5B5 /* Helpers */,
				88187F2729B3945C0046F5B5 /* Application */,
				88187F1929B3074E0046F5B5 /* Main.storyboard */,
				88187F1E29B307500046F5B5 /* LaunchScreen.storyboard */,
				88187F2829B394770046F5B5 /* Resources */,
				88187F2129B307500046F5B5 /* Info.plist */,
			);
			path = Test;
			sourceTree = "<group>";
		};
		88187F2729B3945C0046F5B5 /* Application */ = {
			isa = PBXGroup;
			children = (
				88187F1329B3074E0046F5B5 /* AppDelegate.swift */,
				88187F1529B3074E0046F5B5 /* SceneDelegate.swift */,
			);
			path = Application;
			sourceTree = "<group>";
		};
		88187F2829B394770046F5B5 /* Resources */ = {
			isa = PBXGroup;
			children = (
				88187F1C29B307500046F5B5 /* Assets.xcassets */,
			);
			path = Resources;
			sourceTree = "<group>";
		};
		88187F2929B394A20046F5B5 /* Product */ = {
			isa = PBXGroup;
			children = (
				88187F3529B4621D0046F5B5 /* ViewModel */,
				88187F3429B462130046F5B5 /* Model */,
				88187F3329B462050046F5B5 /* View */,
			);
			path = Product;
			sourceTree = "<group>";
		};
		88187F2C29B396280046F5B5 /* Helpers */ = {
			isa = PBXGroup;
			children = (
				88187F2D29B3963D0046F5B5 /* APIManager.swift */,
			);
			path = Helpers;
			sourceTree = "<group>";
		};
		88187F2F29B398720046F5B5 /* Constants */ = {
			isa = PBXGroup;
			children = (
				88187F3029B3988A0046F5B5 /* Constant.swift */,
			);
			path = Constants;
			sourceTree = "<group>";
		};
		88187F3229B461B80046F5B5 /* Screens */ = {
			isa = PBXGroup;
			children = (
				88187F2929B394A20046F5B5 /* Product */,
			);
			path = Screens;
			sourceTree = "<group>";
		};
		88187F3329B462050046F5B5 /* View */ = {
			isa = PBXGroup;
			children = (
				88187F1729B3074E0046F5B5 /* ViewController.swift */,
				88187F3829B4874F0046F5B5 /* ProductCell.swift */,
				88187F3929B4874F0046F5B5 /* ProductCell.xib */,
			);
			path = View;
			sourceTree = "<group>";
		};
		88187F3429B462130046F5B5 /* Model */ = {
			isa = PBXGroup;
			children = (
				88187F2A29B394BB0046F5B5 /* Product.swift */,
			);
			path = Model;
			sourceTree = "<group>";
		};
		88187F3529B4621D0046F5B5 /* ViewModel */ = {
			isa = PBXGroup;
			children = (
				88187F3629B462500046F5B5 /* ProductVM.swift */,
			);
			path = ViewModel;
			sourceTree = "<group>";
		};
		88187F3F29B49D080046F5B5 /* Extension */ = {
			isa = PBXGroup;
			children = (
				88187F4029B49D280046F5B5 /* ImageView+Extension.swift */,
			);
			path = Extension;
			sourceTree = "<group>";
		};
/* End PBXGroup section */

/* Begin PBXNativeTarget section */
		8805E4AA29B5105800FE66BB /* TestTests */ = {
			isa = PBXNativeTarget;
			buildConfigurationList = 8805E4B129B5105800FE66BB /* Build configuration list for PBXNativeTarget "TestTests" */;
			buildPhases = (
				8805E4A729B5105800FE66BB /* Sources */,
				8805E4A829B5105800FE66BB /* Frameworks */,
				8805E4A929B5105800FE66BB /* Resources */,
			);
			buildRules = (
			);
			dependencies = (
				8805E4B029B5105800FE66BB /* PBXTargetDependency */,
			);
			name = TestTests;
			productName = TestTests;
			productReference = 8805E4AB29B5105800FE66BB /* TestTests.xctest */;
			productType = "com.apple.product-type.bundle.unit-test";
		};
		88187F0F29B3074E0046F5B5 /* Test */ = {
			isa = PBXNativeTarget;
			buildConfigurationList = 88187F2429B307500046F5B5 /* Build configuration list for PBXNativeTarget "Test" */;
			buildPhases = (
				88187F0C29B3074E0046F5B5 /* Sources */,
				88187F0D29B3074E0046F5B5 /* Frameworks */,
				88187F0E29B3074E0046F5B5 /* Resources */,
			);
			buildRules = (
			);
			dependencies = (
			);
			name = Test;
			packageProductDependencies = (
				88187F3D29B49CC90046F5B5 /* Kingfisher */,
			);
			productName = Test;
			productReference = 88187F1029B3074E0046F5B5 /* Test.app */;
			productType = "com.apple.product-type.application";
		};
/* End PBXNativeTarget section */

/* Begin PBXProject section */
		88187F0829B3074E0046F5B5 /* Project object */ = {
			isa = PBXProject;
			attributes = {
				BuildIndependentTargetsInParallel = 1;
				LastSwiftUpdateCheck = 1420;
				LastUpgradeCheck = 1420;
				TargetAttributes = {
					8805E4AA29B5105800FE66BB = {
						CreatedOnToolsVersion = 14.2;
						TestTargetID = 88187F0F29B3074E0046F5B5;
					};
					88187F0F29B3074E0046F5B5 = {
						CreatedOnToolsVersion = 14.2;
					};
				};
			};
			buildConfigurationList = 88187F0B29B3074E0046F5B5 /* Build configuration list for PBXProject "Test" */;
			compatibilityVersion = "Xcode 14.0";
			developmentRegion = en;
			hasScannedForEncodings = 0;
			knownRegions = (
				en,
				Base,
			);
			mainGroup = 88187F0729B3074E0046F5B5;
			packageReferences = (
				88187F3C29B49CC90046F5B5 /* XCRemoteSwiftPackageReference "Kingfisher" */,
			);
			productRefGroup = 88187F1129B3074E0046F5B5 /* Products */;
			projectDirPath = "";
			projectRoot = "";
			targets = (
				88187F0F29B3074E0046F5B5 /* Test */,
				8805E4AA29B5105800FE66BB /* TestTests */,
			);
		};
/* End PBXProject section */

/* Begin PBXResourcesBuildPhase section */
		8805E4A929B5105800FE66BB /* Resources */ = {
			isa = PBXResourcesBuildPhase;
			buildActionMask = 2147483647;
			files = (
			);
			runOnlyForDeploymentPostprocessing = 0;
		};
		88187F0E29B3074E0046F5B5 /* Resources */ = {
			isa = PBXResourcesBuildPhase;
			buildActionMask = 2147483647;
			files = (
				88187F2029B307500046F5B5 /* LaunchScreen.storyboard in Resources */,
				88187F3B29B4874F0046F5B5 /* ProductCell.xib in Resources */,
				88187F1D29B307500046F5B5 /* Assets.xcassets in Resources */,
				88187F1B29B3074E0046F5B5 /* Main.storyboard in Resources */,
			);
			runOnlyForDeploymentPostprocessing = 0;
		};
/* End PBXResourcesBuildPhase section */

/* Begin PBXSourcesBuildPhase section */
		8805E4A729B5105800FE66BB /* Sources */ = {
			isa = PBXSourcesBuildPhase;
			buildActionMask = 2147483647;
			files = (
				8805E4AE29B5105800FE66BB /* TestTests.swift in Sources */,
			);
			runOnlyForDeploymentPostprocessing = 0;
		};
		88187F0C29B3074E0046F5B5 /* Sources */ = {
			isa = PBXSourcesBuildPhase;
			buildActionMask = 2147483647;
			files = (
				88187F1829B3074E0046F5B5 /* ViewController.swift in Sources */,
				88187F2B29B394BB0046F5B5 /* Product.swift in Sources */,
				88187F2E29B3963D0046F5B5 /* APIManager.swift in Sources */,
				88187F1429B3074E0046F5B5 /* AppDelegate.swift in Sources */,
				88187F4129B49D280046F5B5 /* ImageView+Extension.swift in Sources */,
				88187F3729B462500046F5B5 /* ProductVM.swift in Sources */,
				88187F3A29B4874F0046F5B5 /* ProductCell.swift in Sources */,
				88187F1629B3074E0046F5B5 /* SceneDelegate.swift in Sources */,
				88187F3129B3988A0046F5B5 /* Constant.swift in Sources */,
			);
			runOnlyForDeploymentPostprocessing = 0;
		};
/* End PBXSourcesBuildPhase section */

/* Begin PBXTargetDependency section */
		8805E4B029B5105800FE66BB /* PBXTargetDependency */ = {
			isa = PBXTargetDependency;
			target = 88187F0F29B3074E0046F5B5 /* Test */;
			targetProxy = 8805E4AF29B5105800FE66BB /* PBXContainerItemProxy */;
		};
/* End PBXTargetDependency section */

/* Begin PBXVariantGroup section */
		88187F1929B3074E0046F5B5 /* Main.storyboard */ = {
			isa = PBXVariantGroup;
			children = (
				88187F1A29B3074E0046F5B5 /* Base */,
			);
			name = Main.storyboard;
			sourceTree = "<group>";
		};
		88187F1E29B307500046F5B5 /* LaunchScreen.storyboard */ = {
			isa = PBXVariantGroup;
			children = (
				88187F1F29B307500046F5B5 /* Base */,
			);
			name = LaunchScreen.storyboard;
			sourceTree = "<group>";
		};
/* End PBXVariantGroup section */

/* Begin XCBuildConfiguration section */
		8805E4B229B5105800FE66BB /* Debug */ = {
			isa = XCBuildConfiguration;
			buildSettings = {
				BUNDLE_LOADER = "$(TEST_HOST)";
				CODE_SIGN_STYLE = Automatic;
				CURRENT_PROJECT_VERSION = 1;
				DEVELOPMENT_TEAM = F586945Z48;
				GENERATE_INFOPLIST_FILE = YES;
				MARKETING_VERSION = 1.0;
				PRODUCT_BUNDLE_IDENTIFIER = com.Codewalla.TestTests;
				PRODUCT_NAME = "$(TARGET_NAME)";
				SWIFT_EMIT_LOC_STRINGS = NO;
				SWIFT_VERSION = 5.0;
				TARGETED_DEVICE_FAMILY = "1,2";
				TEST_HOST = "$(BUILT_PRODUCTS_DIR)/Test.app/$(BUNDLE_EXECUTABLE_FOLDER_PATH)/Test";
			};
			name = Debug;
		};
		8805E4B329B5105800FE66BB /* Release */ = {
			isa = XCBuildConfiguration;
			buildSettings = {
				BUNDLE_LOADER = "$(TEST_HOST)";
				CODE_SIGN_STYLE = Automatic;
				CURRENT_PROJECT_VERSION = 1;
				DEVELOPMENT_TEAM = F586945Z48;
				GENERATE_INFOPLIST_FILE = YES;
				MARKETING_VERSION = 1.0;
				PRODUCT_BUNDLE_IDENTIFIER = com.Codewalla.TestTests;
				PRODUCT_NAME = "$(TARGET_NAME)";
				SWIFT_EMIT_LOC_STRINGS = NO;
				SWIFT_VERSION = 5.0;
				TARGETED_DEVICE_FAMILY = "1,2";
				TEST_HOST = "$(BUILT_PRODUCTS_DIR)/Test.app/$(BUNDLE_EXECUTABLE_FOLDER_PATH)/Test";
			};
			name = Release;
		};
		88187F2229B307500046F5B5 /* Debug */ = {
			isa = XCBuildConfiguration;
			buildSettings = {
				ALWAYS_SEARCH_USER_PATHS = NO;
				CLANG_ANALYZER_NONNULL = YES;
				CLANG_ANALYZER_NUMBER_OBJECT_CONVERSION = YES_AGGRESSIVE;
				CLANG_CXX_LANGUAGE_STANDARD = "gnu++20";
				CLANG_ENABLE_MODULES = YES;
				CLANG_ENABLE_OBJC_ARC = YES;
				CLANG_ENABLE_OBJC_WEAK = YES;
				CLANG_WARN_BLOCK_CAPTURE_AUTORELEASING = YES;
				CLANG_WARN_BOOL_CONVERSION = YES;
				CLANG_WARN_COMMA = YES;
				CLANG_WARN_CONSTANT_CONVERSION = YES;
				CLANG_WARN_DEPRECATED_OBJC_IMPLEMENTATIONS = YES;
				CLANG_WARN_DIRECT_OBJC_ISA_USAGE = YES_ERROR;
				CLANG_WARN_DOCUMENTATION_COMMENTS = YES;
				CLANG_WARN_EMPTY_BODY = YES;
				CLANG_WARN_ENUM_CONVERSION = YES;
				CLANG_WARN_INFINITE_RECURSION = YES;
				CLANG_WARN_INT_CONVERSION = YES;
				CLANG_WARN_NON_LITERAL_NULL_CONVERSION = YES;
				CLANG_WARN_OBJC_IMPLICIT_RETAIN_SELF = YES;
				CLANG_WARN_OBJC_LITERAL_CONVERSION = YES;
				CLANG_WARN_OBJC_ROOT_CLASS = YES_ERROR;
				CLANG_WARN_QUOTED_INCLUDE_IN_FRAMEWORK_HEADER = YES;
				CLANG_WARN_RANGE_LOOP_ANALYSIS = YES;
				CLANG_WARN_STRICT_PROTOTYPES = YES;
				CLANG_WARN_SUSPICIOUS_MOVE = YES;
				CLANG_WARN_UNGUARDED_AVAILABILITY = YES_AGGRESSIVE;
				CLANG_WARN_UNREACHABLE_CODE = YES;
				CLANG_WARN__DUPLICATE_METHOD_MATCH = YES;
				COPY_PHASE_STRIP = NO;
				DEBUG_INFORMATION_FORMAT = dwarf;
				ENABLE_STRICT_OBJC_MSGSEND = YES;
				ENABLE_TESTABILITY = YES;
				GCC_C_LANGUAGE_STANDARD = gnu11;
				GCC_DYNAMIC_NO_PIC = NO;
				GCC_NO_COMMON_BLOCKS = YES;
				GCC_OPTIMIZATION_LEVEL = 0;
				GCC_PREPROCESSOR_DEFINITIONS = (
					"DEBUG=1",
					"$(inherited)",
				);
				GCC_WARN_64_TO_32_BIT_CONVERSION = YES;
				GCC_WARN_ABOUT_RETURN_TYPE = YES_ERROR;
				GCC_WARN_UNDECLARED_SELECTOR = YES;
				GCC_WARN_UNINITIALIZED_AUTOS = YES_AGGRESSIVE;
				GCC_WARN_UNUSED_FUNCTION = YES;
				GCC_WARN_UNUSED_VARIABLE = YES;
				IPHONEOS_DEPLOYMENT_TARGET = 16.2;
				MTL_ENABLE_DEBUG_INFO = INCLUDE_SOURCE;
				MTL_FAST_MATH = YES;
				ONLY_ACTIVE_ARCH = YES;
				SDKROOT = iphoneos;
				SWIFT_ACTIVE_COMPILATION_CONDITIONS = DEBUG;
				SWIFT_OPTIMIZATION_LEVEL = "-Onone";
			};
			name = Debug;
		};
		88187F2329B307500046F5B5 /* Release */ = {
			isa = XCBuildConfiguration;
			buildSettings = {
				ALWAYS_SEARCH_USER_PATHS = NO;
				CLANG_ANALYZER_NONNULL = YES;
				CLANG_ANALYZER_NUMBER_OBJECT_CONVERSION = YES_AGGRESSIVE;
				CLANG_CXX_LANGUAGE_STANDARD = "gnu++20";
				CLANG_ENABLE_MODULES = YES;
				CLANG_ENABLE_OBJC_ARC = YES;
				CLANG_ENABLE_OBJC_WEAK = YES;
				CLANG_WARN_BLOCK_CAPTURE_AUTORELEASING = YES;
				CLANG_WARN_BOOL_CONVERSION = YES;
				CLANG_WARN_COMMA = YES;
				CLANG_WARN_CONSTANT_CONVERSION = YES;
				CLANG_WARN_DEPRECATED_OBJC_IMPLEMENTATIONS = YES;
				CLANG_WARN_DIRECT_OBJC_ISA_USAGE = YES_ERROR;
				CLANG_WARN_DOCUMENTATION_COMMENTS = YES;
				CLANG_WARN_EMPTY_BODY = YES;
				CLANG_WARN_ENUM_CONVERSION = YES;
				CLANG_WARN_INFINITE_RECURSION = YES;
				CLANG_WARN_INT_CONVERSION = YES;
				CLANG_WARN_NON_LITERAL_NULL_CONVERSION = YES;
				CLANG_WARN_OBJC_IMPLICIT_RETAIN_SELF = YES;
				CLANG_WARN_OBJC_LITERAL_CONVERSION = YES;
				CLANG_WARN_OBJC_ROOT_CLASS = YES_ERROR;
				CLANG_WARN_QUOTED_INCLUDE_IN_FRAMEWORK_HEADER = YES;
				CLANG_WARN_RANGE_LOOP_ANALYSIS = YES;
				CLANG_WARN_STRICT_PROTOTYPES = YES;
				CLANG_WARN_SUSPICIOUS_MOVE = YES;
				CLANG_WARN_UNGUARDED_AVAILABILITY = YES_AGGRESSIVE;
				CLANG_WARN_UNREACHABLE_CODE = YES;
				CLANG_WARN__DUPLICATE_METHOD_MATCH = YES;
				COPY_PHASE_STRIP = NO;
				DEBUG_INFORMATION_FORMAT = "dwarf-with-dsym";
				ENABLE_NS_ASSERTIONS = NO;
				ENABLE_STRICT_OBJC_MSGSEND = YES;
				GCC_C_LANGUAGE_STANDARD = gnu11;
				GCC_NO_COMMON_BLOCKS = YES;
				GCC_WARN_64_TO_32_BIT_CONVERSION = YES;
				GCC_WARN_ABOUT_RETURN_TYPE = YES_ERROR;
				GCC_WARN_UNDECLARED_SELECTOR = YES;
				GCC_WARN_UNINITIALIZED_AUTOS = YES_AGGRESSIVE;
				GCC_WARN_UNUSED_FUNCTION = YES;
				GCC_WARN_UNUSED_VARIABLE = YES;
				IPHONEOS_DEPLOYMENT_TARGET = 16.2;
				MTL_ENABLE_DEBUG_INFO = NO;
				MTL_FAST_MATH = YES;
				SDKROOT = iphoneos;
				SWIFT_COMPILATION_MODE = wholemodule;
				SWIFT_OPTIMIZATION_LEVEL = "-O";
				VALIDATE_PRODUCT = YES;
			};
			name = Release;
		};
		88187F2529B307500046F5B5 /* Debug */ = {
			isa = XCBuildConfiguration;
			buildSettings = {
				ASSETCATALOG_COMPILER_APPICON_NAME = AppIcon;
				ASSETCATALOG_COMPILER_GLOBAL_ACCENT_COLOR_NAME = AccentColor;
				CODE_SIGN_STYLE = Automatic;
				CURRENT_PROJECT_VERSION = 1;
				DEVELOPMENT_TEAM = F586945Z48;
				GENERATE_INFOPLIST_FILE = YES;
				INFOPLIST_FILE = Test/Info.plist;
				INFOPLIST_KEY_UIApplicationSupportsIndirectInputEvents = YES;
				INFOPLIST_KEY_UILaunchStoryboardName = LaunchScreen;
				INFOPLIST_KEY_UIMainStoryboardFile = Main;
				INFOPLIST_KEY_UISupportedInterfaceOrientations_iPad = "UIInterfaceOrientationPortrait UIInterfaceOrientationPortraitUpsideDown UIInterfaceOrientationLandscapeLeft UIInterfaceOrientationLandscapeRight";
				INFOPLIST_KEY_UISupportedInterfaceOrientations_iPhone = "UIInterfaceOrientationPortrait UIInterfaceOrientationLandscapeLeft UIInterfaceOrientationLandscapeRight";
				LD_RUNPATH_SEARCH_PATHS = (
					"$(inherited)",
					"@executable_path/Frameworks",
				);
				MARKETING_VERSION = 1.0;
				PRODUCT_BUNDLE_IDENTIFIER = com.Codewalla.Test;
				PRODUCT_NAME = "$(TARGET_NAME)";
				SWIFT_EMIT_LOC_STRINGS = YES;
				SWIFT_VERSION = 5.0;
				TARGETED_DEVICE_FAMILY = "1,2";
			};
			name = Debug;
		};
		88187F2629B307500046F5B5 /* Release */ = {
			isa = XCBuildConfiguration;
			buildSettings = {
				ASSETCATALOG_COMPILER_APPICON_NAME = AppIcon;
				ASSETCATALOG_COMPILER_GLOBAL_ACCENT_COLOR_NAME = AccentColor;
				CODE_SIGN_STYLE = Automatic;
				CURRENT_PROJECT_VERSION = 1;
				DEVELOPMENT_TEAM = F586945Z48;
				GENERATE_INFOPLIST_FILE = YES;
				INFOPLIST_FILE = Test/Info.plist;
				INFOPLIST_KEY_UIApplicationSupportsIndirectInputEvents = YES;
				INFOPLIST_KEY_UILaunchStoryboardName = LaunchScreen;
				INFOPLIST_KEY_UIMainStoryboardFile = Main;
				INFOPLIST_KEY_UISupportedInterfaceOrientations_iPad = "UIInterfaceOrientationPortrait UIInterfaceOrientationPortraitUpsideDown UIInterfaceOrientationLandscapeLeft UIInterfaceOrientationLandscapeRight";
				INFOPLIST_KEY_UISupportedInterfaceOrientations_iPhone = "UIInterfaceOrientationPortrait UIInterfaceOrientationLandscapeLeft UIInterfaceOrientationLandscapeRight";
				LD_RUNPATH_SEARCH_PATHS = (
					"$(inherited)",
					"@executable_path/Frameworks",
				);
				MARKETING_VERSION = 1.0;
				PRODUCT_BUNDLE_IDENTIFIER = com.Codewalla.Test;
				PRODUCT_NAME = "$(TARGET_NAME)";
				SWIFT_EMIT_LOC_STRINGS = YES;
				SWIFT_VERSION = 5.0;
				TARGETED_DEVICE_FAMILY = "1,2";
			};
			name = Release;
		};
/* End XCBuildConfiguration section */

/* Begin XCConfigurationList section */
		8805E4B129B5105800FE66BB /* Build configuration list for PBXNativeTarget "TestTests" */ = {
			isa = XCConfigurationList;
			buildConfigurations = (
				8805E4B229B5105800FE66BB /* Debug */,
				8805E4B329B5105800FE66BB /* Release */,
			);
			defaultConfigurationIsVisible = 0;
			defaultConfigurationName = Release;
		};
		88187F0B29B3074E0046F5B5 /* Build configuration list for PBXProject "Test" */ = {
			isa = XCConfigurationList;
			buildConfigurations = (
				88187F2229B307500046F5B5 /* Debug */,
				88187F2329B307500046F5B5 /* Release */,
			);
			defaultConfigurationIsVisible = 0;
			defaultConfigurationName = Release;
		};
		88187F2429B307500046F5B5 /* Build configuration list for PBXNativeTarget "Test" */ = {
			isa = XCConfigurationList;
			buildConfigurations = (
				88187F2529B307500046F5B5 /* Debug */,
				88187F2629B307500046F5B5 /* Release */,
			);
			defaultConfigurationIsVisible = 0;
			defaultConfigurationName = Release;
		};
/* End XCConfigurationList section */

/* Begin XCRemoteSwiftPackageReference section */
		88187F3C29B49CC90046F5B5 /* XCRemoteSwiftPackageReference "Kingfisher" */ = {
			isa = XCRemoteSwiftPackageReference;
			repositoryURL = "https://github.com/onevcat/Kingfisher.git";
			requirement = {
				kind = upToNextMajorVersion;
				minimumVersion = 7.0.0;
			};
		};
/* End XCRemoteSwiftPackageReference section */

/* Begin XCSwiftPackageProductDependency section */
		88187F3D29B49CC90046F5B5 /* Kingfisher */ = {
			isa = XCSwiftPackageProductDependency;
			package = 88187F3C29B49CC90046F5B5 /* XCRemoteSwiftPackageReference "Kingfisher" */;
			productName = Kingfisher;
		};
/* End XCSwiftPackageProductDependency section */
	};
	rootObject = 88187F0829B3074E0046F5B5 /* Project object */;
}
